
Microsoft Visual Studio Solution File, Format Version 12.00
# Visual Studio Version 17
VisualStudioVersion = 17.0.31919.166
MinimumVisualStudioVersion = 10.0.40219.1
Project("{D954291E-2A0B-460D-934E-DC6B0785DB48}") = "Common", "Common\Common.shproj", "{22CD4FD4-E3CA-473E-999B-6F8889EAB101}"
EndProject
Project("{9A19103F-16F7-4668-BE54-9A1E7A4F7556}") = "Day04", "Day04\Day04.csproj", "{F00C241B-96FD-45AA-957E-972D42DC67ED}"
EndProject
Project("{9A19103F-16F7-4668-BE54-9A1E7A4F7556}") = "Day05", "Day05\Day05.csproj", "{6968C321-CDF4-4469-B744-64D60686E90E}"
EndProject
Project("{9A19103F-16F7-4668-BE54-9A1E7A4F7556}") = "Day06", "Day06\Day06.csproj", "{A5E338DB-A923-4444-8C9F-874D0457F517}"
EndProject
Project("{9A19103F-16F7-4668-BE54-9A1E7A4F7556}") = "Day07", "Day07\Day07.csproj", "{A7321719-755B-4B57-9031-5BC1502673F3}"
EndProject
Project("{9A19103F-16F7-4668-BE54-9A1E7A4F7556}") = "Day08", "Day08\Day08.csproj", "{FAAE3CD5-2B29-4108-8996-6E77AEAD9F88}"
EndProject
Project("{9A19103F-16F7-4668-BE54-9A1E7A4F7556}") = "Day09", "Day09\Day09.csproj", "{107B5E01-9603-4E24-A0FA-F42255C186A9}"
EndProject
Project("{9A19103F-16F7-4668-BE54-9A1E7A4F7556}") = "Day10", "Day10\Day10.csproj", "{E24124A8-3FF4-4357-B37F-FB67236796AD}"
EndProject
Project("{9A19103F-16F7-4668-BE54-9A1E7A4F7556}") = "Day11", "Day11\Day11.csproj", "{BB55D30F-E6FE-4CE5-8D3F-893BD7073F78}"
EndProject
Project("{9A19103F-16F7-4668-BE54-9A1E7A4F7556}") = "Day12", "Day12\Day12.csproj", "{80227013-C309-4781-9B1D-ED18EAFB2F7D}"
EndProject
Project("{9A19103F-16F7-4668-BE54-9A1E7A4F7556}") = "Day13", "Day13\Day13.csproj", "{BB52E0DD-0CAC-4B99-8E56-BE1DA321ACEA}"
EndProject
Project("{9A19103F-16F7-4668-BE54-9A1E7A4F7556}") = "Day14", "Day14\Day14.csproj", "{BD8AB143-DE7D-4201-9F9A-72D845B7A6FC}"
EndProject
Project("{9A19103F-16F7-4668-BE54-9A1E7A4F7556}") = "Day15", "Day15\Day15.csproj", "{30AA56EF-28BC-48AB-80B1-72F522705DEC}"
EndProject
Project("{9A19103F-16F7-4668-BE54-9A1E7A4F7556}") = "Day16", "Day16\Day16.csproj", "{90C98043-FBBC-421F-81E4-5C9EA8D45448}"
EndProject
Project("{9A19103F-16F7-4668-BE54-9A1E7A4F7556}") = "Day17", "Day17\Day17.csproj", "{489196C0-F179-46D4-A64A-DE5758B22D07}"
EndProject
Project("{9A19103F-16F7-4668-BE54-9A1E7A4F7556}") = "Day18", "Day18\Day18.csproj", "{70C02471-09CE-42D9-BCC1-BEA3F8E224AF}"
EndProject
Project("{9A19103F-16F7-4668-BE54-9A1E7A4F7556}") = "Day19", "Day19\Day19.csproj", "{EC362A9D-C2D5-4C7A-906D-58302D58D17B}"
EndProject
Project("{9A19103F-16F7-4668-BE54-9A1E7A4F7556}") = "Day20", "Day20\Day20.csproj", "{A381DBA1-09D4-4121-98CC-C2E714138066}"
EndProject
Project("{9A19103F-16F7-4668-BE54-9A1E7A4F7556}") = "Day21", "Day21\Day21.csproj", "{AAE39024-69EB-4917-B23D-34B49818A785}"
EndProject
Project("{9A19103F-16F7-4668-BE54-9A1E7A4F7556}") = "Day22", "Day22\Day22.csproj", "{387D98ED-0687-427F-B326-498B9B229F67}"
EndProject
Project("{9A19103F-16F7-4668-BE54-9A1E7A4F7556}") = "Day26", "Day26\Day26.csproj", "{7A70137E-D3A3-442F-A9D8-588421955355}"
EndProject
Project("{9A19103F-16F7-4668-BE54-9A1E7A4F7556}") = "Day4-22", "Day4-22\Day4-22.csproj", "{4D1F3BCD-C998-4F8D-B211-50F25A0B30C9}"
EndProject
Project("{9A19103F-16F7-4668-BE54-9A1E7A4F7556}") = "Day5-22", "Day5-22\Day5-22.csproj", "{094EBFED-F33E-479C-A14C-8E8751CD1701}"
EndProject
Project("{9A19103F-16F7-4668-BE54-9A1E7A4F7556}") = "Day06-22", "Day06-22\Day06-22.csproj", "{9D490BA0-9C90-4921-86DF-32D36E703688}"
EndProject
Project("{9A19103F-16F7-4668-BE54-9A1E7A4F7556}") = "Day08-22", "Day08-22\Day08-22.csproj", "{51E815A9-D66E-47B3-98A4-8B83424B3D79}"
EndProject
Project("{9A19103F-16F7-4668-BE54-9A1E7A4F7556}") = "Day09-22", "Day09-22\Day09-22.csproj", "{05B2FC1E-E1A7-4F95-8DC5-F329CAA6B86E}"
EndProject
Project("{9A19103F-16F7-4668-BE54-9A1E7A4F7556}") = "Day10-22", "Day10-22\Day10-22.csproj", "{7D973175-9EBE-46CD-B5E2-EFE736A25306}"
EndProject
Project("{9A19103F-16F7-4668-BE54-9A1E7A4F7556}") = "Day11-22", "Day11-22\Day11-22.csproj", "{EF358D5D-8493-42A5-A237-57C1D176784E}"
EndProject
Project("{9A19103F-16F7-4668-BE54-9A1E7A4F7556}") = "Day12-22", "Day12-22\Day12-22.csproj", "{021B67A2-C592-458F-B4E3-634D9573EA62}"
EndProject
Project("{9A19103F-16F7-4668-BE54-9A1E7A4F7556}") = "Day13-22", "Day13-22\Day13-22.csproj", "{CE00FF63-BD35-4608-8ECE-860E475469AC}"
EndProject
Project("{9A19103F-16F7-4668-BE54-9A1E7A4F7556}") = "Day14-22", "Day14-22\Day14-22.csproj", "{2D454E45-B17E-4738-829D-7DBA91353289}"
EndProject
Project("{9A19103F-16F7-4668-BE54-9A1E7A4F7556}") = "Day15-22", "Day15-22\Day15-22.csproj", "{2A53D623-5B9B-4B5C-B8B6-281B4BA1C031}"
EndProject
Project("{9A19103F-16F7-4668-BE54-9A1E7A4F7556}") = "Day16-22", "Day16-22\Day16-22.csproj", "{004CA17F-463C-421D-95F5-483B5B193481}"
EndProject
Project("{9A19103F-16F7-4668-BE54-9A1E7A4F7556}") = "Day17-22", "Day17-22\Day17-22.csproj", "{9A5C5E19-94D7-4502-B971-F46CE91AB202}"
EndProject
Project("{9A19103F-16F7-4668-BE54-9A1E7A4F7556}") = "Day18-22", "Day18-22\Day18-22.csproj", "{881138E8-8C6F-4B89-8B6A-8690D4D86ECB}"
EndProject
Project("{9A19103F-16F7-4668-BE54-9A1E7A4F7556}") = "Day19-22", "Day19-22\Day19-22.csproj", "{E2D41973-F37D-4BA3-A174-F4D34355D1AA}"
EndProject
Project("{9A19103F-16F7-4668-BE54-9A1E7A4F7556}") = "Day20-22", "Day20-22\Day20-22.csproj", "{B95A3CE5-6187-403B-9879-7FABBF49956A}"
EndProject
Project("{9A19103F-16F7-4668-BE54-9A1E7A4F7556}") = "Day21-22", "Day21-22\Day21-22.csproj", "{829B2301-3D6C-43CF-924C-549D81BAFEDC}"
EndProject
Project("{9A19103F-16F7-4668-BE54-9A1E7A4F7556}") = "Day22-22", "Day22-22\Day22-22.csproj", "{6F80B5DA-8B13-4651-A5EB-BC62DAA69D6A}"
EndProject
Project("{9A19103F-16F7-4668-BE54-9A1E7A4F7556}") = "Day23-22", "Day23-22\Day23-22.csproj", "{7D9A5F19-A6AC-4CFF-A684-C0FBDD4300EC}"
EndProject
Project("{9A19103F-16F7-4668-BE54-9A1E7A4F7556}") = "Day01-23", "Day01-23\Day01-23.csproj", "{702A6C3D-57AF-44AE-BA64-C1B2D8E288D5}"
EndProject
Project("{9A19103F-16F7-4668-BE54-9A1E7A4F7556}") = "Day02-23", "Day02-23\Day02-23.csproj", "{9DB36EA0-C63B-427F-B0DD-AE172B4FEC5F}"
EndProject
Project("{9A19103F-16F7-4668-BE54-9A1E7A4F7556}") = "Day03-23", "Day03-23\Day03-23.csproj", "{6AB7A234-F13A-423A-921A-658C46692CD9}"
EndProject
Project("{FAE04EC0-301F-11D3-BF4B-00C04F79EFBC}") = "Day04-23", "Day04-23\Day04-23.csproj", "{71139096-EF26-4DBA-BBCF-811732490D21}"
EndProject
Global
	GlobalSection(SharedMSBuildProjectFiles) = preSolution
		Common\Common.projitems*{004ca17f-463c-421d-95f5-483b5b193481}*SharedItemsImports = 5
		Common\Common.projitems*{021b67a2-c592-458f-b4e3-634d9573ea62}*SharedItemsImports = 5
		Common\Common.projitems*{094ebfed-f33e-479c-a14c-8e8751cd1701}*SharedItemsImports = 5
		Common\Common.projitems*{107b5e01-9603-4e24-a0fa-f42255c186a9}*SharedItemsImports = 5
		Common\Common.projitems*{22cd4fd4-e3ca-473e-999b-6f8889eab101}*SharedItemsImports = 13
		Common\Common.projitems*{2d454e45-b17e-4738-829d-7dba91353289}*SharedItemsImports = 5
		Common\Common.projitems*{30aa56ef-28bc-48ab-80b1-72f522705dec}*SharedItemsImports = 5
		Common\Common.projitems*{387d98ed-0687-427f-b326-498b9b229f67}*SharedItemsImports = 5
		Common\Common.projitems*{6968c321-cdf4-4469-b744-64d60686e90e}*SharedItemsImports = 5
		Common\Common.projitems*{6ab7a234-f13a-423a-921a-658c46692cd9}*SharedItemsImports = 5
		Common\Common.projitems*{6f80b5da-8b13-4651-a5eb-bc62daa69d6a}*SharedItemsImports = 5
		Common\Common.projitems*{702a6c3d-57af-44ae-ba64-c1b2d8e288d5}*SharedItemsImports = 5
		Common\Common.projitems*{70c02471-09ce-42d9-bcc1-bea3f8e224af}*SharedItemsImports = 5
		Common\Common.projitems*{71139096-ef26-4dba-bbcf-811732490d21}*SharedItemsImports = 5
		Common\Common.projitems*{7a70137e-d3a3-442f-a9d8-588421955355}*SharedItemsImports = 5
		Common\Common.projitems*{7d973175-9ebe-46cd-b5e2-efe736a25306}*SharedItemsImports = 5
		Common\Common.projitems*{80227013-c309-4781-9b1d-ed18eafb2f7d}*SharedItemsImports = 5
		Common\Common.projitems*{9db36ea0-c63b-427f-b0dd-ae172b4fec5f}*SharedItemsImports = 5
		Common\Common.projitems*{a381dba1-09d4-4121-98cc-c2e714138066}*SharedItemsImports = 5
		Common\Common.projitems*{a5e338db-a923-4444-8c9f-874d0457f517}*SharedItemsImports = 5
		Common\Common.projitems*{aae39024-69eb-4917-b23d-34b49818a785}*SharedItemsImports = 5
		Common\Common.projitems*{bb52e0dd-0cac-4b99-8e56-be1da321acea}*SharedItemsImports = 5
		Common\Common.projitems*{bb55d30f-e6fe-4ce5-8d3f-893bd7073f78}*SharedItemsImports = 5
		Common\Common.projitems*{bd8ab143-de7d-4201-9f9a-72d845b7a6fc}*SharedItemsImports = 5
		Common\Common.projitems*{ce00ff63-bd35-4608-8ece-860e475469ac}*SharedItemsImports = 5
		Common\Common.projitems*{e24124a8-3ff4-4357-b37f-fb67236796ad}*SharedItemsImports = 5
		Common\Common.projitems*{ec362a9d-c2d5-4c7a-906d-58302d58d17b}*SharedItemsImports = 5
		Common\Common.projitems*{ef358d5d-8493-42a5-a237-57c1d176784e}*SharedItemsImports = 5
		Common\Common.projitems*{f00c241b-96fd-45aa-957e-972d42dc67ed}*SharedItemsImports = 5
		Common\Common.projitems*{faae3cd5-2b29-4108-8996-6e77aead9f88}*SharedItemsImports = 5
	EndGlobalSection
	GlobalSection(SolutionConfigurationPlatforms) = preSolution
		Debug|Any CPU = Debug|Any CPU
		Release|Any CPU = Release|Any CPU
	EndGlobalSection
	GlobalSection(ProjectConfigurationPlatforms) = postSolution
		{F00C241B-96FD-45AA-957E-972D42DC67ED}.Debug|Any CPU.ActiveCfg = Debug|Any CPU
		{F00C241B-96FD-45AA-957E-972D42DC67ED}.Debug|Any CPU.Build.0 = Debug|Any CPU
		{F00C241B-96FD-45AA-957E-972D42DC67ED}.Release|Any CPU.ActiveCfg = Release|Any CPU
		{F00C241B-96FD-45AA-957E-972D42DC67ED}.Release|Any CPU.Build.0 = Release|Any CPU
		{6968C321-CDF4-4469-B744-64D60686E90E}.Debug|Any CPU.ActiveCfg = Debug|Any CPU
		{6968C321-CDF4-4469-B744-64D60686E90E}.Debug|Any CPU.Build.0 = Debug|Any CPU
		{6968C321-CDF4-4469-B744-64D60686E90E}.Release|Any CPU.ActiveCfg = Release|Any CPU
		{6968C321-CDF4-4469-B744-64D60686E90E}.Release|Any CPU.Build.0 = Release|Any CPU
		{A5E338DB-A923-4444-8C9F-874D0457F517}.Debug|Any CPU.ActiveCfg = Debug|Any CPU
		{A5E338DB-A923-4444-8C9F-874D0457F517}.Debug|Any CPU.Build.0 = Debug|Any CPU
		{A5E338DB-A923-4444-8C9F-874D0457F517}.Release|Any CPU.ActiveCfg = Release|Any CPU
		{A5E338DB-A923-4444-8C9F-874D0457F517}.Release|Any CPU.Build.0 = Release|Any CPU
		{A7321719-755B-4B57-9031-5BC1502673F3}.Debug|Any CPU.ActiveCfg = Debug|Any CPU
		{A7321719-755B-4B57-9031-5BC1502673F3}.Debug|Any CPU.Build.0 = Debug|Any CPU
		{A7321719-755B-4B57-9031-5BC1502673F3}.Release|Any CPU.ActiveCfg = Release|Any CPU
		{A7321719-755B-4B57-9031-5BC1502673F3}.Release|Any CPU.Build.0 = Release|Any CPU
		{FAAE3CD5-2B29-4108-8996-6E77AEAD9F88}.Debug|Any CPU.ActiveCfg = Debug|Any CPU
		{FAAE3CD5-2B29-4108-8996-6E77AEAD9F88}.Debug|Any CPU.Build.0 = Debug|Any CPU
		{FAAE3CD5-2B29-4108-8996-6E77AEAD9F88}.Release|Any CPU.ActiveCfg = Release|Any CPU
		{FAAE3CD5-2B29-4108-8996-6E77AEAD9F88}.Release|Any CPU.Build.0 = Release|Any CPU
		{107B5E01-9603-4E24-A0FA-F42255C186A9}.Debug|Any CPU.ActiveCfg = Debug|Any CPU
		{107B5E01-9603-4E24-A0FA-F42255C186A9}.Debug|Any CPU.Build.0 = Debug|Any CPU
		{107B5E01-9603-4E24-A0FA-F42255C186A9}.Release|Any CPU.ActiveCfg = Release|Any CPU
		{107B5E01-9603-4E24-A0FA-F42255C186A9}.Release|Any CPU.Build.0 = Release|Any CPU
		{E24124A8-3FF4-4357-B37F-FB67236796AD}.Debug|Any CPU.ActiveCfg = Debug|Any CPU
		{E24124A8-3FF4-4357-B37F-FB67236796AD}.Debug|Any CPU.Build.0 = Debug|Any CPU
		{E24124A8-3FF4-4357-B37F-FB67236796AD}.Release|Any CPU.ActiveCfg = Release|Any CPU
		{E24124A8-3FF4-4357-B37F-FB67236796AD}.Release|Any CPU.Build.0 = Release|Any CPU
		{BB55D30F-E6FE-4CE5-8D3F-893BD7073F78}.Debug|Any CPU.ActiveCfg = Debug|Any CPU
		{BB55D30F-E6FE-4CE5-8D3F-893BD7073F78}.Debug|Any CPU.Build.0 = Debug|Any CPU
		{BB55D30F-E6FE-4CE5-8D3F-893BD7073F78}.Release|Any CPU.ActiveCfg = Release|Any CPU
		{BB55D30F-E6FE-4CE5-8D3F-893BD7073F78}.Release|Any CPU.Build.0 = Release|Any CPU
		{80227013-C309-4781-9B1D-ED18EAFB2F7D}.Debug|Any CPU.ActiveCfg = Debug|Any CPU
		{80227013-C309-4781-9B1D-ED18EAFB2F7D}.Debug|Any CPU.Build.0 = Debug|Any CPU
		{80227013-C309-4781-9B1D-ED18EAFB2F7D}.Release|Any CPU.ActiveCfg = Release|Any CPU
		{80227013-C309-4781-9B1D-ED18EAFB2F7D}.Release|Any CPU.Build.0 = Release|Any CPU
		{BB52E0DD-0CAC-4B99-8E56-BE1DA321ACEA}.Debug|Any CPU.ActiveCfg = Debug|Any CPU
		{BB52E0DD-0CAC-4B99-8E56-BE1DA321ACEA}.Debug|Any CPU.Build.0 = Debug|Any CPU
		{BB52E0DD-0CAC-4B99-8E56-BE1DA321ACEA}.Release|Any CPU.ActiveCfg = Release|Any CPU
		{BB52E0DD-0CAC-4B99-8E56-BE1DA321ACEA}.Release|Any CPU.Build.0 = Release|Any CPU
		{BD8AB143-DE7D-4201-9F9A-72D845B7A6FC}.Debug|Any CPU.ActiveCfg = Debug|Any CPU
		{BD8AB143-DE7D-4201-9F9A-72D845B7A6FC}.Debug|Any CPU.Build.0 = Debug|Any CPU
		{BD8AB143-DE7D-4201-9F9A-72D845B7A6FC}.Release|Any CPU.ActiveCfg = Release|Any CPU
		{BD8AB143-DE7D-4201-9F9A-72D845B7A6FC}.Release|Any CPU.Build.0 = Release|Any CPU
		{30AA56EF-28BC-48AB-80B1-72F522705DEC}.Debug|Any CPU.ActiveCfg = Debug|Any CPU
		{30AA56EF-28BC-48AB-80B1-72F522705DEC}.Debug|Any CPU.Build.0 = Debug|Any CPU
		{30AA56EF-28BC-48AB-80B1-72F522705DEC}.Release|Any CPU.ActiveCfg = Release|Any CPU
		{30AA56EF-28BC-48AB-80B1-72F522705DEC}.Release|Any CPU.Build.0 = Release|Any CPU
		{90C98043-FBBC-421F-81E4-5C9EA8D45448}.Debug|Any CPU.ActiveCfg = Debug|Any CPU
		{90C98043-FBBC-421F-81E4-5C9EA8D45448}.Debug|Any CPU.Build.0 = Debug|Any CPU
		{90C98043-FBBC-421F-81E4-5C9EA8D45448}.Release|Any CPU.ActiveCfg = Release|Any CPU
		{90C98043-FBBC-421F-81E4-5C9EA8D45448}.Release|Any CPU.Build.0 = Release|Any CPU
		{489196C0-F179-46D4-A64A-DE5758B22D07}.Debug|Any CPU.ActiveCfg = Debug|Any CPU
		{489196C0-F179-46D4-A64A-DE5758B22D07}.Debug|Any CPU.Build.0 = Debug|Any CPU
		{489196C0-F179-46D4-A64A-DE5758B22D07}.Release|Any CPU.ActiveCfg = Release|Any CPU
		{489196C0-F179-46D4-A64A-DE5758B22D07}.Release|Any CPU.Build.0 = Release|Any CPU
		{70C02471-09CE-42D9-BCC1-BEA3F8E224AF}.Debug|Any CPU.ActiveCfg = Debug|Any CPU
		{70C02471-09CE-42D9-BCC1-BEA3F8E224AF}.Debug|Any CPU.Build.0 = Debug|Any CPU
		{70C02471-09CE-42D9-BCC1-BEA3F8E224AF}.Release|Any CPU.ActiveCfg = Release|Any CPU
		{70C02471-09CE-42D9-BCC1-BEA3F8E224AF}.Release|Any CPU.Build.0 = Release|Any CPU
		{EC362A9D-C2D5-4C7A-906D-58302D58D17B}.Debug|Any CPU.ActiveCfg = Debug|Any CPU
		{EC362A9D-C2D5-4C7A-906D-58302D58D17B}.Debug|Any CPU.Build.0 = Debug|Any CPU
		{EC362A9D-C2D5-4C7A-906D-58302D58D17B}.Release|Any CPU.ActiveCfg = Release|Any CPU
		{EC362A9D-C2D5-4C7A-906D-58302D58D17B}.Release|Any CPU.Build.0 = Release|Any CPU
		{A381DBA1-09D4-4121-98CC-C2E714138066}.Debug|Any CPU.ActiveCfg = Debug|Any CPU
		{A381DBA1-09D4-4121-98CC-C2E714138066}.Debug|Any CPU.Build.0 = Debug|Any CPU
		{A381DBA1-09D4-4121-98CC-C2E714138066}.Release|Any CPU.ActiveCfg = Release|Any CPU
		{A381DBA1-09D4-4121-98CC-C2E714138066}.Release|Any CPU.Build.0 = Release|Any CPU
		{AAE39024-69EB-4917-B23D-34B49818A785}.Debug|Any CPU.ActiveCfg = Debug|Any CPU
		{AAE39024-69EB-4917-B23D-34B49818A785}.Debug|Any CPU.Build.0 = Debug|Any CPU
		{AAE39024-69EB-4917-B23D-34B49818A785}.Release|Any CPU.ActiveCfg = Release|Any CPU
		{AAE39024-69EB-4917-B23D-34B49818A785}.Release|Any CPU.Build.0 = Release|Any CPU
		{387D98ED-0687-427F-B326-498B9B229F67}.Debug|Any CPU.ActiveCfg = Debug|Any CPU
		{387D98ED-0687-427F-B326-498B9B229F67}.Debug|Any CPU.Build.0 = Debug|Any CPU
		{387D98ED-0687-427F-B326-498B9B229F67}.Release|Any CPU.ActiveCfg = Release|Any CPU
		{387D98ED-0687-427F-B326-498B9B229F67}.Release|Any CPU.Build.0 = Release|Any CPU
		{7A70137E-D3A3-442F-A9D8-588421955355}.Debug|Any CPU.ActiveCfg = Debug|Any CPU
		{7A70137E-D3A3-442F-A9D8-588421955355}.Debug|Any CPU.Build.0 = Debug|Any CPU
		{7A70137E-D3A3-442F-A9D8-588421955355}.Release|Any CPU.ActiveCfg = Release|Any CPU
		{7A70137E-D3A3-442F-A9D8-588421955355}.Release|Any CPU.Build.0 = Release|Any CPU
		{4D1F3BCD-C998-4F8D-B211-50F25A0B30C9}.Debug|Any CPU.ActiveCfg = Debug|Any CPU
		{4D1F3BCD-C998-4F8D-B211-50F25A0B30C9}.Debug|Any CPU.Build.0 = Debug|Any CPU
		{4D1F3BCD-C998-4F8D-B211-50F25A0B30C9}.Release|Any CPU.ActiveCfg = Release|Any CPU
		{4D1F3BCD-C998-4F8D-B211-50F25A0B30C9}.Release|Any CPU.Build.0 = Release|Any CPU
		{094EBFED-F33E-479C-A14C-8E8751CD1701}.Debug|Any CPU.ActiveCfg = Debug|Any CPU
		{094EBFED-F33E-479C-A14C-8E8751CD1701}.Debug|Any CPU.Build.0 = Debug|Any CPU
		{094EBFED-F33E-479C-A14C-8E8751CD1701}.Release|Any CPU.ActiveCfg = Release|Any CPU
		{094EBFED-F33E-479C-A14C-8E8751CD1701}.Release|Any CPU.Build.0 = Release|Any CPU
		{9D490BA0-9C90-4921-86DF-32D36E703688}.Debug|Any CPU.ActiveCfg = Debug|Any CPU
		{9D490BA0-9C90-4921-86DF-32D36E703688}.Debug|Any CPU.Build.0 = Debug|Any CPU
		{9D490BA0-9C90-4921-86DF-32D36E703688}.Release|Any CPU.ActiveCfg = Release|Any CPU
		{9D490BA0-9C90-4921-86DF-32D36E703688}.Release|Any CPU.Build.0 = Release|Any CPU
		{51E815A9-D66E-47B3-98A4-8B83424B3D79}.Debug|Any CPU.ActiveCfg = Debug|Any CPU
		{51E815A9-D66E-47B3-98A4-8B83424B3D79}.Debug|Any CPU.Build.0 = Debug|Any CPU
		{51E815A9-D66E-47B3-98A4-8B83424B3D79}.Release|Any CPU.ActiveCfg = Release|Any CPU
		{51E815A9-D66E-47B3-98A4-8B83424B3D79}.Release|Any CPU.Build.0 = Release|Any CPU
		{05B2FC1E-E1A7-4F95-8DC5-F329CAA6B86E}.Debug|Any CPU.ActiveCfg = Debug|Any CPU
		{05B2FC1E-E1A7-4F95-8DC5-F329CAA6B86E}.Debug|Any CPU.Build.0 = Debug|Any CPU
		{05B2FC1E-E1A7-4F95-8DC5-F329CAA6B86E}.Release|Any CPU.ActiveCfg = Release|Any CPU
		{05B2FC1E-E1A7-4F95-8DC5-F329CAA6B86E}.Release|Any CPU.Build.0 = Release|Any CPU
		{7D973175-9EBE-46CD-B5E2-EFE736A25306}.Debug|Any CPU.ActiveCfg = Debug|Any CPU
		{7D973175-9EBE-46CD-B5E2-EFE736A25306}.Debug|Any CPU.Build.0 = Debug|Any CPU
		{7D973175-9EBE-46CD-B5E2-EFE736A25306}.Release|Any CPU.ActiveCfg = Release|Any CPU
		{7D973175-9EBE-46CD-B5E2-EFE736A25306}.Release|Any CPU.Build.0 = Release|Any CPU
		{EF358D5D-8493-42A5-A237-57C1D176784E}.Debug|Any CPU.ActiveCfg = Debug|Any CPU
		{EF358D5D-8493-42A5-A237-57C1D176784E}.Debug|Any CPU.Build.0 = Debug|Any CPU
		{EF358D5D-8493-42A5-A237-57C1D176784E}.Release|Any CPU.ActiveCfg = Release|Any CPU
		{EF358D5D-8493-42A5-A237-57C1D176784E}.Release|Any CPU.Build.0 = Release|Any CPU
		{021B67A2-C592-458F-B4E3-634D9573EA62}.Debug|Any CPU.ActiveCfg = Debug|Any CPU
		{021B67A2-C592-458F-B4E3-634D9573EA62}.Debug|Any CPU.Build.0 = Debug|Any CPU
		{021B67A2-C592-458F-B4E3-634D9573EA62}.Release|Any CPU.ActiveCfg = Release|Any CPU
		{021B67A2-C592-458F-B4E3-634D9573EA62}.Release|Any CPU.Build.0 = Release|Any CPU
		{CE00FF63-BD35-4608-8ECE-860E475469AC}.Debug|Any CPU.ActiveCfg = Debug|Any CPU
		{CE00FF63-BD35-4608-8ECE-860E475469AC}.Debug|Any CPU.Build.0 = Debug|Any CPU
		{CE00FF63-BD35-4608-8ECE-860E475469AC}.Release|Any CPU.ActiveCfg = Release|Any CPU
		{CE00FF63-BD35-4608-8ECE-860E475469AC}.Release|Any CPU.Build.0 = Release|Any CPU
		{2D454E45-B17E-4738-829D-7DBA91353289}.Debug|Any CPU.ActiveCfg = Debug|Any CPU
		{2D454E45-B17E-4738-829D-7DBA91353289}.Debug|Any CPU.Build.0 = Debug|Any CPU
		{2D454E45-B17E-4738-829D-7DBA91353289}.Release|Any CPU.ActiveCfg = Release|Any CPU
		{2D454E45-B17E-4738-829D-7DBA91353289}.Release|Any CPU.Build.0 = Release|Any CPU
		{2A53D623-5B9B-4B5C-B8B6-281B4BA1C031}.Debug|Any CPU.ActiveCfg = Debug|Any CPU
		{2A53D623-5B9B-4B5C-B8B6-281B4BA1C031}.Debug|Any CPU.Build.0 = Debug|Any CPU
		{2A53D623-5B9B-4B5C-B8B6-281B4BA1C031}.Release|Any CPU.ActiveCfg = Release|Any CPU
		{2A53D623-5B9B-4B5C-B8B6-281B4BA1C031}.Release|Any CPU.Build.0 = Release|Any CPU
		{004CA17F-463C-421D-95F5-483B5B193481}.Debug|Any CPU.ActiveCfg = Debug|Any CPU
		{004CA17F-463C-421D-95F5-483B5B193481}.Debug|Any CPU.Build.0 = Debug|Any CPU
		{004CA17F-463C-421D-95F5-483B5B193481}.Release|Any CPU.ActiveCfg = Release|Any CPU
		{004CA17F-463C-421D-95F5-483B5B193481}.Release|Any CPU.Build.0 = Release|Any CPU
		{9A5C5E19-94D7-4502-B971-F46CE91AB202}.Debug|Any CPU.ActiveCfg = Debug|Any CPU
		{9A5C5E19-94D7-4502-B971-F46CE91AB202}.Debug|Any CPU.Build.0 = Debug|Any CPU
		{9A5C5E19-94D7-4502-B971-F46CE91AB202}.Release|Any CPU.ActiveCfg = Release|Any CPU
		{9A5C5E19-94D7-4502-B971-F46CE91AB202}.Release|Any CPU.Build.0 = Release|Any CPU
		{881138E8-8C6F-4B89-8B6A-8690D4D86ECB}.Debug|Any CPU.ActiveCfg = Debug|Any CPU
		{881138E8-8C6F-4B89-8B6A-8690D4D86ECB}.Debug|Any CPU.Build.0 = Debug|Any CPU
		{881138E8-8C6F-4B89-8B6A-8690D4D86ECB}.Release|Any CPU.ActiveCfg = Release|Any CPU
		{881138E8-8C6F-4B89-8B6A-8690D4D86ECB}.Release|Any CPU.Build.0 = Release|Any CPU
		{E2D41973-F37D-4BA3-A174-F4D34355D1AA}.Debug|Any CPU.ActiveCfg = Debug|Any CPU
		{E2D41973-F37D-4BA3-A174-F4D34355D1AA}.Debug|Any CPU.Build.0 = Debug|Any CPU
		{E2D41973-F37D-4BA3-A174-F4D34355D1AA}.Release|Any CPU.ActiveCfg = Release|Any CPU
		{E2D41973-F37D-4BA3-A174-F4D34355D1AA}.Release|Any CPU.Build.0 = Release|Any CPU
		{B95A3CE5-6187-403B-9879-7FABBF49956A}.Debug|Any CPU.ActiveCfg = Debug|Any CPU
		{B95A3CE5-6187-403B-9879-7FABBF49956A}.Debug|Any CPU.Build.0 = Debug|Any CPU
		{B95A3CE5-6187-403B-9879-7FABBF49956A}.Release|Any CPU.ActiveCfg = Release|Any CPU
		{B95A3CE5-6187-403B-9879-7FABBF49956A}.Release|Any CPU.Build.0 = Release|Any CPU
		{829B2301-3D6C-43CF-924C-549D81BAFEDC}.Debug|Any CPU.ActiveCfg = Debug|Any CPU
		{829B2301-3D6C-43CF-924C-549D81BAFEDC}.Debug|Any CPU.Build.0 = Debug|Any CPU
		{829B2301-3D6C-43CF-924C-549D81BAFEDC}.Release|Any CPU.ActiveCfg = Release|Any CPU
		{829B2301-3D6C-43CF-924C-549D81BAFEDC}.Release|Any CPU.Build.0 = Release|Any CPU
		{6F80B5DA-8B13-4651-A5EB-BC62DAA69D6A}.Debug|Any CPU.ActiveCfg = Debug|Any CPU
		{6F80B5DA-8B13-4651-A5EB-BC62DAA69D6A}.Debug|Any CPU.Build.0 = Debug|Any CPU
		{6F80B5DA-8B13-4651-A5EB-BC62DAA69D6A}.Release|Any CPU.ActiveCfg = Release|Any CPU
		{6F80B5DA-8B13-4651-A5EB-BC62DAA69D6A}.Release|Any CPU.Build.0 = Release|Any CPU
		{7D9A5F19-A6AC-4CFF-A684-C0FBDD4300EC}.Debug|Any CPU.ActiveCfg = Debug|Any CPU
		{7D9A5F19-A6AC-4CFF-A684-C0FBDD4300EC}.Debug|Any CPU.Build.0 = Debug|Any CPU
		{7D9A5F19-A6AC-4CFF-A684-C0FBDD4300EC}.Release|Any CPU.ActiveCfg = Release|Any CPU
		{7D9A5F19-A6AC-4CFF-A684-C0FBDD4300EC}.Release|Any CPU.Build.0 = Release|Any CPU
		{702A6C3D-57AF-44AE-BA64-C1B2D8E288D5}.Debug|Any CPU.ActiveCfg = Debug|Any CPU
		{702A6C3D-57AF-44AE-BA64-C1B2D8E288D5}.Debug|Any CPU.Build.0 = Debug|Any CPU
		{702A6C3D-57AF-44AE-BA64-C1B2D8E288D5}.Release|Any CPU.ActiveCfg = Release|Any CPU
		{702A6C3D-57AF-44AE-BA64-C1B2D8E288D5}.Release|Any CPU.Build.0 = Release|Any CPU
		{9DB36EA0-C63B-427F-B0DD-AE172B4FEC5F}.Debug|Any CPU.ActiveCfg = Debug|Any CPU
		{9DB36EA0-C63B-427F-B0DD-AE172B4FEC5F}.Debug|Any CPU.Build.0 = Debug|Any CPU
		{9DB36EA0-C63B-427F-B0DD-AE172B4FEC5F}.Release|Any CPU.ActiveCfg = Release|Any CPU
		{9DB36EA0-C63B-427F-B0DD-AE172B4FEC5F}.Release|Any CPU.Build.0 = Release|Any CPU
		{6AB7A234-F13A-423A-921A-658C46692CD9}.Debug|Any CPU.ActiveCfg = Debug|Any CPU
		{6AB7A234-F13A-423A-921A-658C46692CD9}.Debug|Any CPU.Build.0 = Debug|Any CPU
		{6AB7A234-F13A-423A-921A-658C46692CD9}.Release|Any CPU.ActiveCfg = Release|Any CPU
		{6AB7A234-F13A-423A-921A-658C46692CD9}.Release|Any CPU.Build.0 = Release|Any CPU
		{71139096-EF26-4DBA-BBCF-811732490D21}.Debug|Any CPU.ActiveCfg = Debug|Any CPU
		{71139096-EF26-4DBA-BBCF-811732490D21}.Debug|Any CPU.Build.0 = Debug|Any CPU
		{71139096-EF26-4DBA-BBCF-811732490D21}.Release|Any CPU.ActiveCfg = Release|Any CPU
		{71139096-EF26-4DBA-BBCF-811732490D21}.Release|Any CPU.Build.0 = Release|Any CPU
	EndGlobalSection
	GlobalSection(SolutionProperties) = preSolution
		HideSolutionNode = FALSE
	EndGlobalSection
	GlobalSection(ExtensibilityGlobals) = postSolution
		SolutionGuid = {D7F328F7-48A7-4C95-B662-68870865AF2D}
	EndGlobalSection
EndGlobal
