
Microsoft Visual Studio Solution File, Format Version 12.00
# Visual Studio Version 17
VisualStudioVersion = 17.0.31919.166
MinimumVisualStudioVersion = 10.0.40219.1
Project("{D954291E-2A0B-460D-934E-DC6B0785DB48}") = "Common", "Common\Common.shproj", "{22CD4FD4-E3CA-473E-999B-6F8889EAB101}"
EndProject
Project("{9A19103F-16F7-4668-BE54-9A1E7A4F7556}") = "Day04", "Day04\Day04.csproj", "{F00C241B-96FD-45AA-957E-972D42DC67ED}"
EndProject
Project("{9A19103F-16F7-4668-BE54-9A1E7A4F7556}") = "Day05", "Day05\Day05.csproj", "{6968C321-CDF4-4469-B744-64D60686E90E}"
EndProject
Project("{9A19103F-16F7-4668-BE54-9A1E7A4F7556}") = "Day06", "Day06\Day06.csproj", "{A5E338DB-A923-4444-8C9F-874D0457F517}"
EndProject
Project("{9A19103F-16F7-4668-BE54-9A1E7A4F7556}") = "Day07", "Day07\Day07.csproj", "{A7321719-755B-4B57-9031-5BC1502673F3}"
EndProject
Project("{9A19103F-16F7-4668-BE54-9A1E7A4F7556}") = "Day08", "Day08\Day08.csproj", "{FAAE3CD5-2B29-4108-8996-6E77AEAD9F88}"
EndProject
Project("{9A19103F-16F7-4668-BE54-9A1E7A4F7556}") = "Day09", "Day09\Day09.csproj", "{107B5E01-9603-4E24-A0FA-F42255C186A9}"
EndProject
Project("{9A19103F-16F7-4668-BE54-9A1E7A4F7556}") = "Day10", "Day10\Day10.csproj", "{E24124A8-3FF4-4357-B37F-FB67236796AD}"
EndProject
Project("{9A19103F-16F7-4668-BE54-9A1E7A4F7556}") = "Day11", "Day11\Day11.csproj", "{BB55D30F-E6FE-4CE5-8D3F-893BD7073F78}"
EndProject
Project("{9A19103F-16F7-4668-BE54-9A1E7A4F7556}") = "Day12", "Day12\Day12.csproj", "{80227013-C309-4781-9B1D-ED18EAFB2F7D}"
EndProject
Project("{9A19103F-16F7-4668-BE54-9A1E7A4F7556}") = "Day13", "Day13\Day13.csproj", "{BB52E0DD-0CAC-4B99-8E56-BE1DA321ACEA}"
EndProject
Project("{9A19103F-16F7-4668-BE54-9A1E7A4F7556}") = "Day14", "Day14\Day14.csproj", "{BD8AB143-DE7D-4201-9F9A-72D845B7A6FC}"
EndProject
Project("{FAE04EC0-301F-11D3-BF4B-00C04F79EFBC}") = "Day15", "Day15\Day15.csproj", "{30AA56EF-28BC-48AB-80B1-72F522705DEC}"
EndProject
Project("{FAE04EC0-301F-11D3-BF4B-00C04F79EFBC}") = "Day16", "Day16\Day16.csproj", "{90C98043-FBBC-421F-81E4-5C9EA8D45448}"
EndProject
Project("{FAE04EC0-301F-11D3-BF4B-00C04F79EFBC}") = "Day17", "Day17\Day17.csproj", "{489196C0-F179-46D4-A64A-DE5758B22D07}"
EndProject
Global
	GlobalSection(SharedMSBuildProjectFiles) = preSolution
		Common\Common.projitems*{107b5e01-9603-4e24-a0fa-f42255c186a9}*SharedItemsImports = 5
		Common\Common.projitems*{22cd4fd4-e3ca-473e-999b-6f8889eab101}*SharedItemsImports = 13
		Common\Common.projitems*{30aa56ef-28bc-48ab-80b1-72f522705dec}*SharedItemsImports = 5
		Common\Common.projitems*{6968c321-cdf4-4469-b744-64d60686e90e}*SharedItemsImports = 5
		Common\Common.projitems*{80227013-c309-4781-9b1d-ed18eafb2f7d}*SharedItemsImports = 5
		Common\Common.projitems*{a5e338db-a923-4444-8c9f-874d0457f517}*SharedItemsImports = 5
		Common\Common.projitems*{bb52e0dd-0cac-4b99-8e56-be1da321acea}*SharedItemsImports = 5
		Common\Common.projitems*{bb55d30f-e6fe-4ce5-8d3f-893bd7073f78}*SharedItemsImports = 5
		Common\Common.projitems*{bd8ab143-de7d-4201-9f9a-72d845b7a6fc}*SharedItemsImports = 5
		Common\Common.projitems*{e24124a8-3ff4-4357-b37f-fb67236796ad}*SharedItemsImports = 5
		Common\Common.projitems*{f00c241b-96fd-45aa-957e-972d42dc67ed}*SharedItemsImports = 5
		Common\Common.projitems*{faae3cd5-2b29-4108-8996-6e77aead9f88}*SharedItemsImports = 5
	EndGlobalSection
	GlobalSection(SolutionConfigurationPlatforms) = preSolution
		Debug|Any CPU = Debug|Any CPU
		Release|Any CPU = Release|Any CPU
	EndGlobalSection
	GlobalSection(ProjectConfigurationPlatforms) = postSolution
		{F00C241B-96FD-45AA-957E-972D42DC67ED}.Debug|Any CPU.ActiveCfg = Debug|Any CPU
		{F00C241B-96FD-45AA-957E-972D42DC67ED}.Debug|Any CPU.Build.0 = Debug|Any CPU
		{F00C241B-96FD-45AA-957E-972D42DC67ED}.Release|Any CPU.ActiveCfg = Release|Any CPU
		{F00C241B-96FD-45AA-957E-972D42DC67ED}.Release|Any CPU.Build.0 = Release|Any CPU
		{6968C321-CDF4-4469-B744-64D60686E90E}.Debug|Any CPU.ActiveCfg = Debug|Any CPU
		{6968C321-CDF4-4469-B744-64D60686E90E}.Debug|Any CPU.Build.0 = Debug|Any CPU
		{6968C321-CDF4-4469-B744-64D60686E90E}.Release|Any CPU.ActiveCfg = Release|Any CPU
		{6968C321-CDF4-4469-B744-64D60686E90E}.Release|Any CPU.Build.0 = Release|Any CPU
		{A5E338DB-A923-4444-8C9F-874D0457F517}.Debug|Any CPU.ActiveCfg = Debug|Any CPU
		{A5E338DB-A923-4444-8C9F-874D0457F517}.Debug|Any CPU.Build.0 = Debug|Any CPU
		{A5E338DB-A923-4444-8C9F-874D0457F517}.Release|Any CPU.ActiveCfg = Release|Any CPU
		{A5E338DB-A923-4444-8C9F-874D0457F517}.Release|Any CPU.Build.0 = Release|Any CPU
		{A7321719-755B-4B57-9031-5BC1502673F3}.Debug|Any CPU.ActiveCfg = Debug|Any CPU
		{A7321719-755B-4B57-9031-5BC1502673F3}.Debug|Any CPU.Build.0 = Debug|Any CPU
		{A7321719-755B-4B57-9031-5BC1502673F3}.Release|Any CPU.ActiveCfg = Release|Any CPU
		{A7321719-755B-4B57-9031-5BC1502673F3}.Release|Any CPU.Build.0 = Release|Any CPU
		{FAAE3CD5-2B29-4108-8996-6E77AEAD9F88}.Debug|Any CPU.ActiveCfg = Debug|Any CPU
		{FAAE3CD5-2B29-4108-8996-6E77AEAD9F88}.Debug|Any CPU.Build.0 = Debug|Any CPU
		{FAAE3CD5-2B29-4108-8996-6E77AEAD9F88}.Release|Any CPU.ActiveCfg = Release|Any CPU
		{FAAE3CD5-2B29-4108-8996-6E77AEAD9F88}.Release|Any CPU.Build.0 = Release|Any CPU
		{107B5E01-9603-4E24-A0FA-F42255C186A9}.Debug|Any CPU.ActiveCfg = Debug|Any CPU
		{107B5E01-9603-4E24-A0FA-F42255C186A9}.Debug|Any CPU.Build.0 = Debug|Any CPU
		{107B5E01-9603-4E24-A0FA-F42255C186A9}.Release|Any CPU.ActiveCfg = Release|Any CPU
		{107B5E01-9603-4E24-A0FA-F42255C186A9}.Release|Any CPU.Build.0 = Release|Any CPU
		{E24124A8-3FF4-4357-B37F-FB67236796AD}.Debug|Any CPU.ActiveCfg = Debug|Any CPU
		{E24124A8-3FF4-4357-B37F-FB67236796AD}.Debug|Any CPU.Build.0 = Debug|Any CPU
		{E24124A8-3FF4-4357-B37F-FB67236796AD}.Release|Any CPU.ActiveCfg = Release|Any CPU
		{E24124A8-3FF4-4357-B37F-FB67236796AD}.Release|Any CPU.Build.0 = Release|Any CPU
		{BB55D30F-E6FE-4CE5-8D3F-893BD7073F78}.Debug|Any CPU.ActiveCfg = Debug|Any CPU
		{BB55D30F-E6FE-4CE5-8D3F-893BD7073F78}.Debug|Any CPU.Build.0 = Debug|Any CPU
		{BB55D30F-E6FE-4CE5-8D3F-893BD7073F78}.Release|Any CPU.ActiveCfg = Release|Any CPU
		{BB55D30F-E6FE-4CE5-8D3F-893BD7073F78}.Release|Any CPU.Build.0 = Release|Any CPU
		{80227013-C309-4781-9B1D-ED18EAFB2F7D}.Debug|Any CPU.ActiveCfg = Debug|Any CPU
		{80227013-C309-4781-9B1D-ED18EAFB2F7D}.Debug|Any CPU.Build.0 = Debug|Any CPU
		{80227013-C309-4781-9B1D-ED18EAFB2F7D}.Release|Any CPU.ActiveCfg = Release|Any CPU
		{80227013-C309-4781-9B1D-ED18EAFB2F7D}.Release|Any CPU.Build.0 = Release|Any CPU
		{BB52E0DD-0CAC-4B99-8E56-BE1DA321ACEA}.Debug|Any CPU.ActiveCfg = Debug|Any CPU
		{BB52E0DD-0CAC-4B99-8E56-BE1DA321ACEA}.Debug|Any CPU.Build.0 = Debug|Any CPU
		{BB52E0DD-0CAC-4B99-8E56-BE1DA321ACEA}.Release|Any CPU.ActiveCfg = Release|Any CPU
		{BB52E0DD-0CAC-4B99-8E56-BE1DA321ACEA}.Release|Any CPU.Build.0 = Release|Any CPU
		{BD8AB143-DE7D-4201-9F9A-72D845B7A6FC}.Debug|Any CPU.ActiveCfg = Debug|Any CPU
		{BD8AB143-DE7D-4201-9F9A-72D845B7A6FC}.Debug|Any CPU.Build.0 = Debug|Any CPU
		{BD8AB143-DE7D-4201-9F9A-72D845B7A6FC}.Release|Any CPU.ActiveCfg = Release|Any CPU
		{BD8AB143-DE7D-4201-9F9A-72D845B7A6FC}.Release|Any CPU.Build.0 = Release|Any CPU
		{30AA56EF-28BC-48AB-80B1-72F522705DEC}.Debug|Any CPU.ActiveCfg = Debug|Any CPU
		{30AA56EF-28BC-48AB-80B1-72F522705DEC}.Debug|Any CPU.Build.0 = Debug|Any CPU
		{30AA56EF-28BC-48AB-80B1-72F522705DEC}.Release|Any CPU.ActiveCfg = Release|Any CPU
		{30AA56EF-28BC-48AB-80B1-72F522705DEC}.Release|Any CPU.Build.0 = Release|Any CPU
		{90C98043-FBBC-421F-81E4-5C9EA8D45448}.Debug|Any CPU.ActiveCfg = Debug|Any CPU
		{90C98043-FBBC-421F-81E4-5C9EA8D45448}.Debug|Any CPU.Build.0 = Debug|Any CPU
		{90C98043-FBBC-421F-81E4-5C9EA8D45448}.Release|Any CPU.ActiveCfg = Release|Any CPU
		{90C98043-FBBC-421F-81E4-5C9EA8D45448}.Release|Any CPU.Build.0 = Release|Any CPU
		{489196C0-F179-46D4-A64A-DE5758B22D07}.Debug|Any CPU.ActiveCfg = Debug|Any CPU
		{489196C0-F179-46D4-A64A-DE5758B22D07}.Debug|Any CPU.Build.0 = Debug|Any CPU
		{489196C0-F179-46D4-A64A-DE5758B22D07}.Release|Any CPU.ActiveCfg = Release|Any CPU
		{489196C0-F179-46D4-A64A-DE5758B22D07}.Release|Any CPU.Build.0 = Release|Any CPU
	EndGlobalSection
	GlobalSection(SolutionProperties) = preSolution
		HideSolutionNode = FALSE
	EndGlobalSection
	GlobalSection(ExtensibilityGlobals) = postSolution
		SolutionGuid = {D7F328F7-48A7-4C95-B662-68870865AF2D}
	EndGlobalSection
EndGlobal
